
Microsoft Visual Studio Solution File, Format Version 12.00
# Visual Studio Version 17
VisualStudioVersion = 17.6.33712.159
MinimumVisualStudioVersion = 10.0.40219.1
Project("{FAE04EC0-301F-11D3-BF4B-00C04F79EFBC}") = "appWeb_07", "appWeb_07\appWeb_07.csproj", "{D0436A7F-A44D-4C97-9FB4-D537CAB88640}"
EndProject
Global
	GlobalSection(SolutionConfigurationPlatforms) = preSolution
		Debug|Any CPU = Debug|Any CPU
		Release|Any CPU = Release|Any CPU
	EndGlobalSection
	GlobalSection(ProjectConfigurationPlatforms) = postSolution
		{D0436A7F-A44D-4C97-9FB4-D537CAB88640}.Debug|Any CPU.ActiveCfg = Debug|Any CPU
		{D0436A7F-A44D-4C97-9FB4-D537CAB88640}.Debug|Any CPU.Build.0 = Debug|Any CPU
		{D0436A7F-A44D-4C97-9FB4-D537CAB88640}.Release|Any CPU.ActiveCfg = Release|Any CPU
		{D0436A7F-A44D-4C97-9FB4-D537CAB88640}.Release|Any CPU.Build.0 = Release|Any CPU
	EndGlobalSection
	GlobalSection(SolutionProperties) = preSolution
		HideSolutionNode = FALSE
	EndGlobalSection
	GlobalSection(ExtensibilityGlobals) = postSolution
		SolutionGuid = {89535DF5-7632-48CE-A15B-86390FF5B83E}
	EndGlobalSection
EndGlobal
